// !$*UTF8*$!
{
	archiveVersion = 1;
	classes = {
	};
	objectVersion = 51;
	objects = {

/* Begin PBXBuildFile section */
		A4C6C16F7492FED0C38BD4B8 /* Pods_brosapp.framework in Frameworks */ = {isa = PBXBuildFile; fileRef = 0CDE8A0EEDAB38C26E55D809 /* Pods_brosapp.framework */; };
		FD05B34926533C2D00D124F9 /* ProgressViewController.swift in Sources */ = {isa = PBXBuildFile; fileRef = FD05B34826533C2D00D124F9 /* ProgressViewController.swift */; };
		FD1C936726840EB800B1E9E9 /* MyXAxisValueFormatter.swift in Sources */ = {isa = PBXBuildFile; fileRef = FD1C936626840EB800B1E9E9 /* MyXAxisValueFormatter.swift */; };
		FD229DDF2664874400A9F9FB /* ProfileViewController.swift in Sources */ = {isa = PBXBuildFile; fileRef = FD229DDE2664874300A9F9FB /* ProfileViewController.swift */; };
		FD229DE72665E8EF00A9F9FB /* ColdCollectionCell.swift in Sources */ = {isa = PBXBuildFile; fileRef = FD229DE52665E8EF00A9F9FB /* ColdCollectionCell.swift */; };
		FD229DE82665E8EF00A9F9FB /* ColdCollectionCell.xib in Resources */ = {isa = PBXBuildFile; fileRef = FD229DE62665E8EF00A9F9FB /* ColdCollectionCell.xib */; };
		FD304BB62640967200C82F40 /* LoginViewController.swift in Sources */ = {isa = PBXBuildFile; fileRef = FD304BB52640967200C82F40 /* LoginViewController.swift */; };
		FD304BBA2640968400C82F40 /* RegisterViewController.swift in Sources */ = {isa = PBXBuildFile; fileRef = FD304BB92640968400C82F40 /* RegisterViewController.swift */; };
		FD304BBE2640A2D700C82F40 /* GoogleService-Info.plist in Resources */ = {isa = PBXBuildFile; fileRef = FD304BBD2640A2D700C82F40 /* GoogleService-Info.plist */; };
		FD46B4E2263CDF81007BD5C4 /* AppDelegate.swift in Sources */ = {isa = PBXBuildFile; fileRef = FD46B4E1263CDF81007BD5C4 /* AppDelegate.swift */; };
		FD46B4E4263CDF81007BD5C4 /* SceneDelegate.swift in Sources */ = {isa = PBXBuildFile; fileRef = FD46B4E3263CDF81007BD5C4 /* SceneDelegate.swift */; };
		FD46B4E6263CDF81007BD5C4 /* ViewController.swift in Sources */ = {isa = PBXBuildFile; fileRef = FD46B4E5263CDF81007BD5C4 /* ViewController.swift */; };
		FD46B4E9263CDF81007BD5C4 /* Main.storyboard in Resources */ = {isa = PBXBuildFile; fileRef = FD46B4E7263CDF81007BD5C4 /* Main.storyboard */; };
		FD46B4EE263CDF83007BD5C4 /* LaunchScreen.storyboard in Resources */ = {isa = PBXBuildFile; fileRef = FD46B4EC263CDF83007BD5C4 /* LaunchScreen.storyboard */; };
		FD5203F8267BE8E500F96D01 /* GraphViewController.swift in Sources */ = {isa = PBXBuildFile; fileRef = FD5203F7267BE8E500F96D01 /* GraphViewController.swift */; };
		FD9B5B8A265879F9002E867C /* WeightViewController.swift in Sources */ = {isa = PBXBuildFile; fileRef = FD9B5B89265879F8002E867C /* WeightViewController.swift */; };
		FD9B5B8F265F0B0A002E867C /* ProgressCollectionCell.swift in Sources */ = {isa = PBXBuildFile; fileRef = FD9B5B8D265F0B0A002E867C /* ProgressCollectionCell.swift */; };
		FD9B5B90265F0B0A002E867C /* ProgressCollectionCell.xib in Resources */ = {isa = PBXBuildFile; fileRef = FD9B5B8E265F0B0A002E867C /* ProgressCollectionCell.xib */; };
		FDB724252641F71900985FE8 /* Tracker.swift in Sources */ = {isa = PBXBuildFile; fileRef = FDB724242641F71900985FE8 /* Tracker.swift */; };
		FDB7242A2643436000985FE8 /* TrackerCell.swift in Sources */ = {isa = PBXBuildFile; fileRef = FDB724282643436000985FE8 /* TrackerCell.swift */; };
		FDB7242B2643436000985FE8 /* TrackerCell.xib in Resources */ = {isa = PBXBuildFile; fileRef = FDB724292643436000985FE8 /* TrackerCell.xib */; };
		FDB7243126434BF500985FE8 /* Assets.xcassets in Resources */ = {isa = PBXBuildFile; fileRef = FDB7243026434BF500985FE8 /* Assets.xcassets */; };
		FDB79CC526544B6600D92B27 /* ColdViewController.swift in Sources */ = {isa = PBXBuildFile; fileRef = FDB79CC426544B6600D92B27 /* ColdViewController.swift */; };
		FDD7E6432640D60F00C9E202 /* AccountViewController.swift in Sources */ = {isa = PBXBuildFile; fileRef = FDD7E6422640D60F00C9E202 /* AccountViewController.swift */; };
		FDD966372667181600654741 /* BreatheViewController.swift in Sources */ = {isa = PBXBuildFile; fileRef = FDD966362667181600654741 /* BreatheViewController.swift */; };
		FDD9663A2667182600654741 /* NumberViewController.swift in Sources */ = {isa = PBXBuildFile; fileRef = FDD966392667182600654741 /* NumberViewController.swift */; };
		FDD9663D2667183400654741 /* TimerViewController.swift in Sources */ = {isa = PBXBuildFile; fileRef = FDD9663C2667183400654741 /* TimerViewController.swift */; };
		FDD9664A266974AF00654741 /* BreatheCollectionCell.swift in Sources */ = {isa = PBXBuildFile; fileRef = FDD96648266974AF00654741 /* BreatheCollectionCell.swift */; };
		FDD9664B266974AF00654741 /* BreatheCollectionCell.xib in Resources */ = {isa = PBXBuildFile; fileRef = FDD96649266974AF00654741 /* BreatheCollectionCell.xib */; };
		FDD9665026697AD500654741 /* TimeNumberCollectionCell.swift in Sources */ = {isa = PBXBuildFile; fileRef = FDD9664E26697AD500654741 /* TimeNumberCollectionCell.swift */; };
		FDD9665126697AD500654741 /* TimeNumberCollectionCell.xib in Resources */ = {isa = PBXBuildFile; fileRef = FDD9664F26697AD500654741 /* TimeNumberCollectionCell.xib */; };
		FDD9666D26729F8D00654741 /* Progress.swift in Sources */ = {isa = PBXBuildFile; fileRef = FDD9666C26729F8D00654741 /* Progress.swift */; };
		FDD966752672DD8800654741 /* ResultsCell.swift in Sources */ = {isa = PBXBuildFile; fileRef = FDD966732672DD8800654741 /* ResultsCell.swift */; };
		FDD966762672DD8800654741 /* ResultsCell.xib in Resources */ = {isa = PBXBuildFile; fileRef = FDD966742672DD8800654741 /* ResultsCell.xib */; };
		FDE9A23E2683ECD600DB0D8D /* GraphCell.swift in Sources */ = {isa = PBXBuildFile; fileRef = FDE9A23C2683ECD600DB0D8D /* GraphCell.swift */; };
		FDE9A23F2683ECD600DB0D8D /* GraphCell.xib in Resources */ = {isa = PBXBuildFile; fileRef = FDE9A23D2683ECD600DB0D8D /* GraphCell.xib */; };
/* End PBXBuildFile section */

/* Begin PBXFileReference section */
		0CDE8A0EEDAB38C26E55D809 /* Pods_brosapp.framework */ = {isa = PBXFileReference; explicitFileType = wrapper.framework; includeInIndex = 0; path = Pods_brosapp.framework; sourceTree = BUILT_PRODUCTS_DIR; };
		9B3886A30BB08868E8B80F8B /* Pods-brosapp.release.xcconfig */ = {isa = PBXFileReference; includeInIndex = 1; lastKnownFileType = text.xcconfig; name = "Pods-brosapp.release.xcconfig"; path = "Target Support Files/Pods-brosapp/Pods-brosapp.release.xcconfig"; sourceTree = "<group>"; };
		9BCF4A50A3C1E2DC6EE4C56B /* Pods-brosapp.debug.xcconfig */ = {isa = PBXFileReference; includeInIndex = 1; lastKnownFileType = text.xcconfig; name = "Pods-brosapp.debug.xcconfig"; path = "Target Support Files/Pods-brosapp/Pods-brosapp.debug.xcconfig"; sourceTree = "<group>"; };
		FD05B34826533C2D00D124F9 /* ProgressViewController.swift */ = {isa = PBXFileReference; lastKnownFileType = sourcecode.swift; path = ProgressViewController.swift; sourceTree = "<group>"; };
		FD1C936626840EB800B1E9E9 /* MyXAxisValueFormatter.swift */ = {isa = PBXFileReference; lastKnownFileType = sourcecode.swift; path = MyXAxisValueFormatter.swift; sourceTree = "<group>"; };
		FD229DDE2664874300A9F9FB /* ProfileViewController.swift */ = {isa = PBXFileReference; lastKnownFileType = sourcecode.swift; path = ProfileViewController.swift; sourceTree = "<group>"; };
		FD229DE52665E8EF00A9F9FB /* ColdCollectionCell.swift */ = {isa = PBXFileReference; lastKnownFileType = sourcecode.swift; path = ColdCollectionCell.swift; sourceTree = "<group>"; };
		FD229DE62665E8EF00A9F9FB /* ColdCollectionCell.xib */ = {isa = PBXFileReference; lastKnownFileType = file.xib; path = ColdCollectionCell.xib; sourceTree = "<group>"; };
		FD304BB52640967200C82F40 /* LoginViewController.swift */ = {isa = PBXFileReference; lastKnownFileType = sourcecode.swift; path = LoginViewController.swift; sourceTree = "<group>"; };
		FD304BB92640968400C82F40 /* RegisterViewController.swift */ = {isa = PBXFileReference; lastKnownFileType = sourcecode.swift; path = RegisterViewController.swift; sourceTree = "<group>"; };
		FD304BBD2640A2D700C82F40 /* GoogleService-Info.plist */ = {isa = PBXFileReference; fileEncoding = 4; lastKnownFileType = text.plist.xml; path = "GoogleService-Info.plist"; sourceTree = "<group>"; };
		FD46B4DE263CDF81007BD5C4 /* brosapp.app */ = {isa = PBXFileReference; explicitFileType = wrapper.application; includeInIndex = 0; path = brosapp.app; sourceTree = BUILT_PRODUCTS_DIR; };
		FD46B4E1263CDF81007BD5C4 /* AppDelegate.swift */ = {isa = PBXFileReference; lastKnownFileType = sourcecode.swift; path = AppDelegate.swift; sourceTree = "<group>"; };
		FD46B4E3263CDF81007BD5C4 /* SceneDelegate.swift */ = {isa = PBXFileReference; lastKnownFileType = sourcecode.swift; path = SceneDelegate.swift; sourceTree = "<group>"; };
		FD46B4E5263CDF81007BD5C4 /* ViewController.swift */ = {isa = PBXFileReference; lastKnownFileType = sourcecode.swift; path = ViewController.swift; sourceTree = "<group>"; };
		FD46B4E8263CDF81007BD5C4 /* Base */ = {isa = PBXFileReference; lastKnownFileType = file.storyboard; name = Base; path = Base.lproj/Main.storyboard; sourceTree = "<group>"; };
		FD46B4ED263CDF83007BD5C4 /* Base */ = {isa = PBXFileReference; lastKnownFileType = file.storyboard; name = Base; path = Base.lproj/LaunchScreen.storyboard; sourceTree = "<group>"; };
		FD46B4EF263CDF83007BD5C4 /* Info.plist */ = {isa = PBXFileReference; lastKnownFileType = text.plist.xml; path = Info.plist; sourceTree = "<group>"; };
		FD5203F7267BE8E500F96D01 /* GraphViewController.swift */ = {isa = PBXFileReference; lastKnownFileType = sourcecode.swift; path = GraphViewController.swift; sourceTree = "<group>"; };
		FD9B5B89265879F8002E867C /* WeightViewController.swift */ = {isa = PBXFileReference; lastKnownFileType = sourcecode.swift; path = WeightViewController.swift; sourceTree = "<group>"; };
		FD9B5B8D265F0B0A002E867C /* ProgressCollectionCell.swift */ = {isa = PBXFileReference; lastKnownFileType = sourcecode.swift; path = ProgressCollectionCell.swift; sourceTree = "<group>"; };
		FD9B5B8E265F0B0A002E867C /* ProgressCollectionCell.xib */ = {isa = PBXFileReference; lastKnownFileType = file.xib; path = ProgressCollectionCell.xib; sourceTree = "<group>"; };
		FDB724242641F71900985FE8 /* Tracker.swift */ = {isa = PBXFileReference; lastKnownFileType = sourcecode.swift; path = Tracker.swift; sourceTree = "<group>"; };
		FDB724282643436000985FE8 /* TrackerCell.swift */ = {isa = PBXFileReference; lastKnownFileType = sourcecode.swift; path = TrackerCell.swift; sourceTree = "<group>"; };
		FDB724292643436000985FE8 /* TrackerCell.xib */ = {isa = PBXFileReference; lastKnownFileType = file.xib; path = TrackerCell.xib; sourceTree = "<group>"; };
		FDB7243026434BF500985FE8 /* Assets.xcassets */ = {isa = PBXFileReference; lastKnownFileType = folder.assetcatalog; path = Assets.xcassets; sourceTree = "<group>"; };
		FDB79CC426544B6600D92B27 /* ColdViewController.swift */ = {isa = PBXFileReference; lastKnownFileType = sourcecode.swift; path = ColdViewController.swift; sourceTree = "<group>"; };
		FDD7E6422640D60F00C9E202 /* AccountViewController.swift */ = {isa = PBXFileReference; lastKnownFileType = sourcecode.swift; path = AccountViewController.swift; sourceTree = "<group>"; };
		FDD966362667181600654741 /* BreatheViewController.swift */ = {isa = PBXFileReference; lastKnownFileType = sourcecode.swift; path = BreatheViewController.swift; sourceTree = "<group>"; };
		FDD966392667182600654741 /* NumberViewController.swift */ = {isa = PBXFileReference; lastKnownFileType = sourcecode.swift; path = NumberViewController.swift; sourceTree = "<group>"; };
		FDD9663C2667183400654741 /* TimerViewController.swift */ = {isa = PBXFileReference; lastKnownFileType = sourcecode.swift; path = TimerViewController.swift; sourceTree = "<group>"; };
		FDD96648266974AF00654741 /* BreatheCollectionCell.swift */ = {isa = PBXFileReference; lastKnownFileType = sourcecode.swift; path = BreatheCollectionCell.swift; sourceTree = "<group>"; };
		FDD96649266974AF00654741 /* BreatheCollectionCell.xib */ = {isa = PBXFileReference; lastKnownFileType = file.xib; path = BreatheCollectionCell.xib; sourceTree = "<group>"; };
		FDD9664E26697AD500654741 /* TimeNumberCollectionCell.swift */ = {isa = PBXFileReference; lastKnownFileType = sourcecode.swift; path = TimeNumberCollectionCell.swift; sourceTree = "<group>"; };
		FDD9664F26697AD500654741 /* TimeNumberCollectionCell.xib */ = {isa = PBXFileReference; lastKnownFileType = file.xib; path = TimeNumberCollectionCell.xib; sourceTree = "<group>"; };
		FDD9666C26729F8D00654741 /* Progress.swift */ = {isa = PBXFileReference; lastKnownFileType = sourcecode.swift; path = Progress.swift; sourceTree = "<group>"; };
		FDD966732672DD8800654741 /* ResultsCell.swift */ = {isa = PBXFileReference; lastKnownFileType = sourcecode.swift; path = ResultsCell.swift; sourceTree = "<group>"; };
		FDD966742672DD8800654741 /* ResultsCell.xib */ = {isa = PBXFileReference; lastKnownFileType = file.xib; path = ResultsCell.xib; sourceTree = "<group>"; };
		FDE9A23C2683ECD600DB0D8D /* GraphCell.swift */ = {isa = PBXFileReference; lastKnownFileType = sourcecode.swift; path = GraphCell.swift; sourceTree = "<group>"; };
		FDE9A23D2683ECD600DB0D8D /* GraphCell.xib */ = {isa = PBXFileReference; lastKnownFileType = file.xib; path = GraphCell.xib; sourceTree = "<group>"; };
/* End PBXFileReference section */

/* Begin PBXFrameworksBuildPhase section */
		FD46B4DB263CDF81007BD5C4 /* Frameworks */ = {
			isa = PBXFrameworksBuildPhase;
			buildActionMask = 2147483647;
			files = (
				A4C6C16F7492FED0C38BD4B8 /* Pods_brosapp.framework in Frameworks */,
			);
			runOnlyForDeploymentPostprocessing = 0;
		};
/* End PBXFrameworksBuildPhase section */

/* Begin PBXGroup section */
		0E8409AA88D8510F4041C778 /* Frameworks */ = {
			isa = PBXGroup;
			children = (
				0CDE8A0EEDAB38C26E55D809 /* Pods_brosapp.framework */,
			);
			name = Frameworks;
			sourceTree = "<group>";
		};
		33026F6217CC01D9F5B74EEF /* Pods */ = {
			isa = PBXGroup;
			children = (
				9BCF4A50A3C1E2DC6EE4C56B /* Pods-brosapp.debug.xcconfig */,
				9B3886A30BB08868E8B80F8B /* Pods-brosapp.release.xcconfig */,
			);
			path = Pods;
			sourceTree = "<group>";
		};
		FD46B4D5263CDF81007BD5C4 = {
			isa = PBXGroup;
			children = (
				FD46B4E0263CDF81007BD5C4 /* brosapp */,
				FD46B4DF263CDF81007BD5C4 /* Products */,
				33026F6217CC01D9F5B74EEF /* Pods */,
				0E8409AA88D8510F4041C778 /* Frameworks */,
			);
			sourceTree = "<group>";
		};
		FD46B4DF263CDF81007BD5C4 /* Products */ = {
			isa = PBXGroup;
			children = (
				FD46B4DE263CDF81007BD5C4 /* brosapp.app */,
			);
			name = Products;
			sourceTree = "<group>";
		};
		FD46B4E0263CDF81007BD5C4 /* brosapp */ = {
			isa = PBXGroup;
			children = (
				FDB724232641F6FC00985FE8 /* Models */,
				FDB7242D2643451C00985FE8 /* Views */,
				FD46B50026409604007BD5C4 /* Controllers */,
				FD46B4E1263CDF81007BD5C4 /* AppDelegate.swift */,
				FD46B4E3263CDF81007BD5C4 /* SceneDelegate.swift */,
				FDB7243026434BF500985FE8 /* Assets.xcassets */,
				FD46B4EC263CDF83007BD5C4 /* LaunchScreen.storyboard */,
				FD46B4EF263CDF83007BD5C4 /* Info.plist */,
				FD304BBD2640A2D700C82F40 /* GoogleService-Info.plist */,
				FDB724282643436000985FE8 /* TrackerCell.swift */,
				FDB724292643436000985FE8 /* TrackerCell.xib */,
				FD9B5B8D265F0B0A002E867C /* ProgressCollectionCell.swift */,
				FD9B5B8E265F0B0A002E867C /* ProgressCollectionCell.xib */,
				FD229DE52665E8EF00A9F9FB /* ColdCollectionCell.swift */,
				FD229DE62665E8EF00A9F9FB /* ColdCollectionCell.xib */,
				FDD96648266974AF00654741 /* BreatheCollectionCell.swift */,
				FDD96649266974AF00654741 /* BreatheCollectionCell.xib */,
				FDD9664E26697AD500654741 /* TimeNumberCollectionCell.swift */,
				FDD9664F26697AD500654741 /* TimeNumberCollectionCell.xib */,
				FDD966732672DD8800654741 /* ResultsCell.swift */,
				FDD966742672DD8800654741 /* ResultsCell.xib */,
				FDE9A23C2683ECD600DB0D8D /* GraphCell.swift */,
				FDE9A23D2683ECD600DB0D8D /* GraphCell.xib */,
				FD1C936626840EB800B1E9E9 /* MyXAxisValueFormatter.swift */,
			);
			path = brosapp;
			sourceTree = "<group>";
		};
		FD46B50026409604007BD5C4 /* Controllers */ = {
			isa = PBXGroup;
			children = (
				FD46B4E5263CDF81007BD5C4 /* ViewController.swift */,
				FD304BB52640967200C82F40 /* LoginViewController.swift */,
				FD304BB92640968400C82F40 /* RegisterViewController.swift */,
				FDD7E6422640D60F00C9E202 /* AccountViewController.swift */,
				FD229DDE2664874300A9F9FB /* ProfileViewController.swift */,
				FD05B34826533C2D00D124F9 /* ProgressViewController.swift */,
				FDB79CC426544B6600D92B27 /* ColdViewController.swift */,
				FD9B5B89265879F8002E867C /* WeightViewController.swift */,
				FDD966362667181600654741 /* BreatheViewController.swift */,
				FDD966392667182600654741 /* NumberViewController.swift */,
				FDD9663C2667183400654741 /* TimerViewController.swift */,
				FD5203F7267BE8E500F96D01 /* GraphViewController.swift */,
			);
			path = Controllers;
			sourceTree = "<group>";
		};
		FDB724232641F6FC00985FE8 /* Models */ = {
			isa = PBXGroup;
			children = (
				FDB724242641F71900985FE8 /* Tracker.swift */,
				FDD9666C26729F8D00654741 /* Progress.swift */,
			);
			path = Models;
			sourceTree = "<group>";
		};
		FDB7242D2643451C00985FE8 /* Views */ = {
			isa = PBXGroup;
			children = (
				FD46B4E7263CDF81007BD5C4 /* Main.storyboard */,
			);
			path = Views;
			sourceTree = "<group>";
		};
/* End PBXGroup section */

/* Begin PBXNativeTarget section */
		FD46B4DD263CDF81007BD5C4 /* brosapp */ = {
			isa = PBXNativeTarget;
			buildConfigurationList = FD46B4F2263CDF83007BD5C4 /* Build configuration list for PBXNativeTarget "brosapp" */;
			buildPhases = (
				08EFFBFA1E45CD2244206657 /* [CP] Check Pods Manifest.lock */,
				FD46B4DA263CDF81007BD5C4 /* Sources */,
				FD46B4DB263CDF81007BD5C4 /* Frameworks */,
				FD46B4DC263CDF81007BD5C4 /* Resources */,
				FD97744C9FC8E88A902BF223 /* [CP] Embed Pods Frameworks */,
				E2DE159AE7163F2ADBFCB30D /* [CP] Copy Pods Resources */,
			);
			buildRules = (
			);
			dependencies = (
			);
			name = brosapp;
			productName = brosapp;
			productReference = FD46B4DE263CDF81007BD5C4 /* brosapp.app */;
			productType = "com.apple.product-type.application";
		};
/* End PBXNativeTarget section */

/* Begin PBXProject section */
		FD46B4D6263CDF81007BD5C4 /* Project object */ = {
			isa = PBXProject;
			attributes = {
				LastSwiftUpdateCheck = 1240;
				LastUpgradeCheck = 1240;
				TargetAttributes = {
					FD46B4DD263CDF81007BD5C4 = {
						CreatedOnToolsVersion = 12.4;
					};
				};
			};
			buildConfigurationList = FD46B4D9263CDF81007BD5C4 /* Build configuration list for PBXProject "brosapp" */;
			compatibilityVersion = "Xcode 9.3";
			developmentRegion = en;
			hasScannedForEncodings = 0;
			knownRegions = (
				en,
				Base,
			);
			mainGroup = FD46B4D5263CDF81007BD5C4;
			productRefGroup = FD46B4DF263CDF81007BD5C4 /* Products */;
			projectDirPath = "";
			projectRoot = "";
			targets = (
				FD46B4DD263CDF81007BD5C4 /* brosapp */,
			);
		};
/* End PBXProject section */

/* Begin PBXResourcesBuildPhase section */
		FD46B4DC263CDF81007BD5C4 /* Resources */ = {
			isa = PBXResourcesBuildPhase;
			buildActionMask = 2147483647;
			files = (
				FDE9A23F2683ECD600DB0D8D /* GraphCell.xib in Resources */,
				FD229DE82665E8EF00A9F9FB /* ColdCollectionCell.xib in Resources */,
				FDD9664B266974AF00654741 /* BreatheCollectionCell.xib in Resources */,
				FDD966762672DD8800654741 /* ResultsCell.xib in Resources */,
				FDD9665126697AD500654741 /* TimeNumberCollectionCell.xib in Resources */,
				FD46B4EE263CDF83007BD5C4 /* LaunchScreen.storyboard in Resources */,
				FD304BBE2640A2D700C82F40 /* GoogleService-Info.plist in Resources */,
				FD9B5B90265F0B0A002E867C /* ProgressCollectionCell.xib in Resources */,
				FDB7242B2643436000985FE8 /* TrackerCell.xib in Resources */,
				FD46B4E9263CDF81007BD5C4 /* Main.storyboard in Resources */,
				FDB7243126434BF500985FE8 /* Assets.xcassets in Resources */,
			);
			runOnlyForDeploymentPostprocessing = 0;
		};
/* End PBXResourcesBuildPhase section */

/* Begin PBXShellScriptBuildPhase section */
		08EFFBFA1E45CD2244206657 /* [CP] Check Pods Manifest.lock */ = {
			isa = PBXShellScriptBuildPhase;
			buildActionMask = 2147483647;
			files = (
			);
			inputFileListPaths = (
			);
			inputPaths = (
				"${PODS_PODFILE_DIR_PATH}/Podfile.lock",
				"${PODS_ROOT}/Manifest.lock",
			);
			name = "[CP] Check Pods Manifest.lock";
			outputFileListPaths = (
			);
			outputPaths = (
				"$(DERIVED_FILE_DIR)/Pods-brosapp-checkManifestLockResult.txt",
			);
			runOnlyForDeploymentPostprocessing = 0;
			shellPath = /bin/sh;
			shellScript = "diff \"${PODS_PODFILE_DIR_PATH}/Podfile.lock\" \"${PODS_ROOT}/Manifest.lock\" > /dev/null\nif [ $? != 0 ] ; then\n    # print error to STDERR\n    echo \"error: The sandbox is not in sync with the Podfile.lock. Run 'pod install' or update your CocoaPods installation.\" >&2\n    exit 1\nfi\n# This output is used by Xcode 'outputs' to avoid re-running this script phase.\necho \"SUCCESS\" > \"${SCRIPT_OUTPUT_FILE_0}\"\n";
			showEnvVarsInLog = 0;
		};
		E2DE159AE7163F2ADBFCB30D /* [CP] Copy Pods Resources */ = {
			isa = PBXShellScriptBuildPhase;
			buildActionMask = 2147483647;
			files = (
			);
			inputFileListPaths = (
				"${PODS_ROOT}/Target Support Files/Pods-brosapp/Pods-brosapp-resources-${CONFIGURATION}-input-files.xcfilelist",
			);
			name = "[CP] Copy Pods Resources";
			outputFileListPaths = (
				"${PODS_ROOT}/Target Support Files/Pods-brosapp/Pods-brosapp-resources-${CONFIGURATION}-output-files.xcfilelist",
			);
			runOnlyForDeploymentPostprocessing = 0;
			shellPath = /bin/sh;
			shellScript = "\"${PODS_ROOT}/Target Support Files/Pods-brosapp/Pods-brosapp-resources.sh\"\n";
			showEnvVarsInLog = 0;
		};
		FD97744C9FC8E88A902BF223 /* [CP] Embed Pods Frameworks */ = {
			isa = PBXShellScriptBuildPhase;
			buildActionMask = 2147483647;
			files = (
			);
			inputFileListPaths = (
				"${PODS_ROOT}/Target Support Files/Pods-brosapp/Pods-brosapp-frameworks-${CONFIGURATION}-input-files.xcfilelist",
			);
			name = "[CP] Embed Pods Frameworks";
			outputFileListPaths = (
				"${PODS_ROOT}/Target Support Files/Pods-brosapp/Pods-brosapp-frameworks-${CONFIGURATION}-output-files.xcfilelist",
			);
			runOnlyForDeploymentPostprocessing = 0;
			shellPath = /bin/sh;
			shellScript = "\"${PODS_ROOT}/Target Support Files/Pods-brosapp/Pods-brosapp-frameworks.sh\"\n";
			showEnvVarsInLog = 0;
		};
/* End PBXShellScriptBuildPhase section */

/* Begin PBXSourcesBuildPhase section */
		FD46B4DA263CDF81007BD5C4 /* Sources */ = {
			isa = PBXSourcesBuildPhase;
			buildActionMask = 2147483647;
			files = (
				FD9B5B8F265F0B0A002E867C /* ProgressCollectionCell.swift in Sources */,
				FDB79CC526544B6600D92B27 /* ColdViewController.swift in Sources */,
				FDB7242A2643436000985FE8 /* TrackerCell.swift in Sources */,
				FD304BB62640967200C82F40 /* LoginViewController.swift in Sources */,
				FD304BBA2640968400C82F40 /* RegisterViewController.swift in Sources */,
				FD1C936726840EB800B1E9E9 /* MyXAxisValueFormatter.swift in Sources */,
				FDD966372667181600654741 /* BreatheViewController.swift in Sources */,
				FDD9666D26729F8D00654741 /* Progress.swift in Sources */,
				FD229DE72665E8EF00A9F9FB /* ColdCollectionCell.swift in Sources */,
				FDD9664A266974AF00654741 /* BreatheCollectionCell.swift in Sources */,
				FDD7E6432640D60F00C9E202 /* AccountViewController.swift in Sources */,
				FD46B4E6263CDF81007BD5C4 /* ViewController.swift in Sources */,
				FD46B4E2263CDF81007BD5C4 /* AppDelegate.swift in Sources */,
				FD05B34926533C2D00D124F9 /* ProgressViewController.swift in Sources */,
				FD9B5B8A265879F9002E867C /* WeightViewController.swift in Sources */,
				FDD9665026697AD500654741 /* TimeNumberCollectionCell.swift in Sources */,
				FDD9663D2667183400654741 /* TimerViewController.swift in Sources */,
				FD229DDF2664874400A9F9FB /* ProfileViewController.swift in Sources */,
				FDD966752672DD8800654741 /* ResultsCell.swift in Sources */,
				FDE9A23E2683ECD600DB0D8D /* GraphCell.swift in Sources */,
				FDD9663A2667182600654741 /* NumberViewController.swift in Sources */,
				FD5203F8267BE8E500F96D01 /* GraphViewController.swift in Sources */,
				FD46B4E4263CDF81007BD5C4 /* SceneDelegate.swift in Sources */,
				FDB724252641F71900985FE8 /* Tracker.swift in Sources */,
			);
			runOnlyForDeploymentPostprocessing = 0;
		};
/* End PBXSourcesBuildPhase section */

/* Begin PBXVariantGroup section */
		FD46B4E7263CDF81007BD5C4 /* Main.storyboard */ = {
			isa = PBXVariantGroup;
			children = (
				FD46B4E8263CDF81007BD5C4 /* Base */,
			);
			name = Main.storyboard;
			sourceTree = "<group>";
		};
		FD46B4EC263CDF83007BD5C4 /* LaunchScreen.storyboard */ = {
			isa = PBXVariantGroup;
			children = (
				FD46B4ED263CDF83007BD5C4 /* Base */,
			);
			name = LaunchScreen.storyboard;
			sourceTree = "<group>";
		};
/* End PBXVariantGroup section */

/* Begin XCBuildConfiguration section */
		FD46B4F0263CDF83007BD5C4 /* Debug */ = {
			isa = XCBuildConfiguration;
			buildSettings = {
				ALWAYS_SEARCH_USER_PATHS = NO;
				CLANG_ANALYZER_NONNULL = YES;
				CLANG_ANALYZER_NUMBER_OBJECT_CONVERSION = YES_AGGRESSIVE;
				CLANG_CXX_LANGUAGE_STANDARD = "gnu++14";
				CLANG_CXX_LIBRARY = "libc++";
				CLANG_ENABLE_MODULES = YES;
				CLANG_ENABLE_OBJC_ARC = YES;
				CLANG_ENABLE_OBJC_WEAK = YES;
				CLANG_WARN_BLOCK_CAPTURE_AUTORELEASING = YES;
				CLANG_WARN_BOOL_CONVERSION = YES;
				CLANG_WARN_COMMA = YES;
				CLANG_WARN_CONSTANT_CONVERSION = YES;
				CLANG_WARN_DEPRECATED_OBJC_IMPLEMENTATIONS = YES;
				CLANG_WARN_DIRECT_OBJC_ISA_USAGE = YES_ERROR;
				CLANG_WARN_DOCUMENTATION_COMMENTS = YES;
				CLANG_WARN_EMPTY_BODY = YES;
				CLANG_WARN_ENUM_CONVERSION = YES;
				CLANG_WARN_INFINITE_RECURSION = YES;
				CLANG_WARN_INT_CONVERSION = YES;
				CLANG_WARN_NON_LITERAL_NULL_CONVERSION = YES;
				CLANG_WARN_OBJC_IMPLICIT_RETAIN_SELF = YES;
				CLANG_WARN_OBJC_LITERAL_CONVERSION = YES;
				CLANG_WARN_OBJC_ROOT_CLASS = YES_ERROR;
				CLANG_WARN_QUOTED_INCLUDE_IN_FRAMEWORK_HEADER = YES;
				CLANG_WARN_RANGE_LOOP_ANALYSIS = YES;
				CLANG_WARN_STRICT_PROTOTYPES = YES;
				CLANG_WARN_SUSPICIOUS_MOVE = YES;
				CLANG_WARN_UNGUARDED_AVAILABILITY = YES_AGGRESSIVE;
				CLANG_WARN_UNREACHABLE_CODE = YES;
				CLANG_WARN__DUPLICATE_METHOD_MATCH = YES;
				COPY_PHASE_STRIP = NO;
				DEBUG_INFORMATION_FORMAT = dwarf;
				ENABLE_STRICT_OBJC_MSGSEND = YES;
				ENABLE_TESTABILITY = YES;
				GCC_C_LANGUAGE_STANDARD = gnu11;
				GCC_DYNAMIC_NO_PIC = NO;
				GCC_NO_COMMON_BLOCKS = YES;
				GCC_OPTIMIZATION_LEVEL = 0;
				GCC_PREPROCESSOR_DEFINITIONS = (
					"DEBUG=1",
					"$(inherited)",
				);
				GCC_WARN_64_TO_32_BIT_CONVERSION = YES;
				GCC_WARN_ABOUT_RETURN_TYPE = YES_ERROR;
				GCC_WARN_UNDECLARED_SELECTOR = YES;
				GCC_WARN_UNINITIALIZED_AUTOS = YES_AGGRESSIVE;
				GCC_WARN_UNUSED_FUNCTION = YES;
				GCC_WARN_UNUSED_VARIABLE = YES;
				IPHONEOS_DEPLOYMENT_TARGET = 14.4;
				MTL_ENABLE_DEBUG_INFO = INCLUDE_SOURCE;
				MTL_FAST_MATH = YES;
				ONLY_ACTIVE_ARCH = YES;
				SDKROOT = iphoneos;
				SWIFT_ACTIVE_COMPILATION_CONDITIONS = DEBUG;
				SWIFT_OPTIMIZATION_LEVEL = "-Onone";
			};
			name = Debug;
		};
		FD46B4F1263CDF83007BD5C4 /* Release */ = {
			isa = XCBuildConfiguration;
			buildSettings = {
				ALWAYS_SEARCH_USER_PATHS = NO;
				CLANG_ANALYZER_NONNULL = YES;
				CLANG_ANALYZER_NUMBER_OBJECT_CONVERSION = YES_AGGRESSIVE;
				CLANG_CXX_LANGUAGE_STANDARD = "gnu++14";
				CLANG_CXX_LIBRARY = "libc++";
				CLANG_ENABLE_MODULES = YES;
				CLANG_ENABLE_OBJC_ARC = YES;
				CLANG_ENABLE_OBJC_WEAK = YES;
				CLANG_WARN_BLOCK_CAPTURE_AUTORELEASING = YES;
				CLANG_WARN_BOOL_CONVERSION = YES;
				CLANG_WARN_COMMA = YES;
				CLANG_WARN_CONSTANT_CONVERSION = YES;
				CLANG_WARN_DEPRECATED_OBJC_IMPLEMENTATIONS = YES;
				CLANG_WARN_DIRECT_OBJC_ISA_USAGE = YES_ERROR;
				CLANG_WARN_DOCUMENTATION_COMMENTS = YES;
				CLANG_WARN_EMPTY_BODY = YES;
				CLANG_WARN_ENUM_CONVERSION = YES;
				CLANG_WARN_INFINITE_RECURSION = YES;
				CLANG_WARN_INT_CONVERSION = YES;
				CLANG_WARN_NON_LITERAL_NULL_CONVERSION = YES;
				CLANG_WARN_OBJC_IMPLICIT_RETAIN_SELF = YES;
				CLANG_WARN_OBJC_LITERAL_CONVERSION = YES;
				CLANG_WARN_OBJC_ROOT_CLASS = YES_ERROR;
				CLANG_WARN_QUOTED_INCLUDE_IN_FRAMEWORK_HEADER = YES;
				CLANG_WARN_RANGE_LOOP_ANALYSIS = YES;
				CLANG_WARN_STRICT_PROTOTYPES = YES;
				CLANG_WARN_SUSPICIOUS_MOVE = YES;
				CLANG_WARN_UNGUARDED_AVAILABILITY = YES_AGGRESSIVE;
				CLANG_WARN_UNREACHABLE_CODE = YES;
				CLANG_WARN__DUPLICATE_METHOD_MATCH = YES;
				COPY_PHASE_STRIP = NO;
				DEBUG_INFORMATION_FORMAT = "dwarf-with-dsym";
				ENABLE_NS_ASSERTIONS = NO;
				ENABLE_STRICT_OBJC_MSGSEND = YES;
				GCC_C_LANGUAGE_STANDARD = gnu11;
				GCC_NO_COMMON_BLOCKS = YES;
				GCC_WARN_64_TO_32_BIT_CONVERSION = YES;
				GCC_WARN_ABOUT_RETURN_TYPE = YES_ERROR;
				GCC_WARN_UNDECLARED_SELECTOR = YES;
				GCC_WARN_UNINITIALIZED_AUTOS = YES_AGGRESSIVE;
				GCC_WARN_UNUSED_FUNCTION = YES;
				GCC_WARN_UNUSED_VARIABLE = YES;
				IPHONEOS_DEPLOYMENT_TARGET = 14.4;
				MTL_ENABLE_DEBUG_INFO = NO;
				MTL_FAST_MATH = YES;
				SDKROOT = iphoneos;
				SWIFT_COMPILATION_MODE = wholemodule;
				SWIFT_OPTIMIZATION_LEVEL = "-O";
				VALIDATE_PRODUCT = YES;
			};
			name = Release;
		};
		FD46B4F3263CDF83007BD5C4 /* Debug */ = {
			isa = XCBuildConfiguration;
			baseConfigurationReference = 9BCF4A50A3C1E2DC6EE4C56B /* Pods-brosapp.debug.xcconfig */;
			buildSettings = {
				ASSETCATALOG_COMPILER_APPICON_NAME = AppIcon;
				ASSETCATALOG_COMPILER_GLOBAL_ACCENT_COLOR_NAME = AccentColor;
				CODE_SIGN_STYLE = Automatic;
				DEVELOPMENT_TEAM = 25JN9LG3P8;
				INFOPLIST_FILE = brosapp/Info.plist;
				LD_RUNPATH_SEARCH_PATHS = (
					"$(inherited)",
					"@executable_path/Frameworks",
				);
				PRODUCT_BUNDLE_IDENTIFIER = com.shannonbrown.brosapp;
				PRODUCT_NAME = "$(TARGET_NAME)";
				SWIFT_VERSION = 5.0;
				TARGETED_DEVICE_FAMILY = "1,2";
			};
			name = Debug;
		};
		FD46B4F4263CDF83007BD5C4 /* Release */ = {
			isa = XCBuildConfiguration;
			baseConfigurationReference = 9B3886A30BB08868E8B80F8B /* Pods-brosapp.release.xcconfig */;
			buildSettings = {
				ASSETCATALOG_COMPILER_APPICON_NAME = AppIcon;
				ASSETCATALOG_COMPILER_GLOBAL_ACCENT_COLOR_NAME = AccentColor;
				CODE_SIGN_STYLE = Automatic;
				DEVELOPMENT_TEAM = 25JN9LG3P8;
				INFOPLIST_FILE = brosapp/Info.plist;
				LD_RUNPATH_SEARCH_PATHS = (
					"$(inherited)",
					"@executable_path/Frameworks",
				);
				PRODUCT_BUNDLE_IDENTIFIER = com.shannonbrown.brosapp;
				PRODUCT_NAME = "$(TARGET_NAME)";
				SWIFT_VERSION = 5.0;
				TARGETED_DEVICE_FAMILY = "1,2";
			};
			name = Release;
		};
/* End XCBuildConfiguration section */

/* Begin XCConfigurationList section */
		FD46B4D9263CDF81007BD5C4 /* Build configuration list for PBXProject "brosapp" */ = {
			isa = XCConfigurationList;
			buildConfigurations = (
				FD46B4F0263CDF83007BD5C4 /* Debug */,
				FD46B4F1263CDF83007BD5C4 /* Release */,
			);
			defaultConfigurationIsVisible = 0;
			defaultConfigurationName = Release;
		};
		FD46B4F2263CDF83007BD5C4 /* Build configuration list for PBXNativeTarget "brosapp" */ = {
			isa = XCConfigurationList;
			buildConfigurations = (
				FD46B4F3263CDF83007BD5C4 /* Debug */,
				FD46B4F4263CDF83007BD5C4 /* Release */,
			);
			defaultConfigurationIsVisible = 0;
			defaultConfigurationName = Release;
		};
/* End XCConfigurationList section */
	};
	rootObject = FD46B4D6263CDF81007BD5C4 /* Project object */;
}
